
Microsoft Visual Studio Solution File, Format Version 12.00
# Visual Studio Version 16
VisualStudioVersion = 16.0.30711.63
MinimumVisualStudioVersion = 10.0.40219.1
Project("{FAE04EC0-301F-11D3-BF4B-00C04F79EFBC}") = "RemoteTCPClient", "RemoteTCPClient\RemoteTCPClient.csproj", "{4A989C3E-BAE1-411B-AA81-31C20BD784FF}"
EndProject
Global
	GlobalSection(SolutionConfigurationPlatforms) = preSolution
		Debug|Any CPU = Debug|Any CPU
		Release|Any CPU = Release|Any CPU
	EndGlobalSection
	GlobalSection(ProjectConfigurationPlatforms) = postSolution
		{4A989C3E-BAE1-411B-AA81-31C20BD784FF}.Debug|Any CPU.ActiveCfg = Debug|Any CPU
		{4A989C3E-BAE1-411B-AA81-31C20BD784FF}.Debug|Any CPU.Build.0 = Debug|Any CPU
		{4A989C3E-BAE1-411B-AA81-31C20BD784FF}.Release|Any CPU.ActiveCfg = Release|Any CPU
		{4A989C3E-BAE1-411B-AA81-31C20BD784FF}.Release|Any CPU.Build.0 = Release|Any CPU
	EndGlobalSection
	GlobalSection(SolutionProperties) = preSolution
		HideSolutionNode = FALSE
	EndGlobalSection
	GlobalSection(ExtensibilityGlobals) = postSolution
		SolutionGuid = {124008B2-A51A-4D1A-9AD7-330D28026FE2}
	EndGlobalSection
EndGlobal
